
Microsoft Visual Studio Solution File, Format Version 12.00
# Visual Studio Version 16
VisualStudioVersion = 16.0.30204.135
MinimumVisualStudioVersion = 10.0.40219.1
Project("{FAE04EC0-301F-11D3-BF4B-00C04F79EFBC}") = "OnlineShopping", "OnlineShopping\OnlineShopping.csproj", "{6DA1A314-3009-4E74-A09F-E5919C4D312D}"
EndProject
Global
	GlobalSection(SolutionConfigurationPlatforms) = preSolution
		Debug|Any CPU = Debug|Any CPU
		Release|Any CPU = Release|Any CPU
	EndGlobalSection
	GlobalSection(ProjectConfigurationPlatforms) = postSolution
		{6DA1A314-3009-4E74-A09F-E5919C4D312D}.Debug|Any CPU.ActiveCfg = Debug|Any CPU
		{6DA1A314-3009-4E74-A09F-E5919C4D312D}.Debug|Any CPU.Build.0 = Debug|Any CPU
		{6DA1A314-3009-4E74-A09F-E5919C4D312D}.Release|Any CPU.ActiveCfg = Release|Any CPU
		{6DA1A314-3009-4E74-A09F-E5919C4D312D}.Release|Any CPU.Build.0 = Release|Any CPU
	EndGlobalSection
	GlobalSection(SolutionProperties) = preSolution
		HideSolutionNode = FALSE
	EndGlobalSection
	GlobalSection(ExtensibilityGlobals) = postSolution
		SolutionGuid = {E2E45017-3477-402D-91EA-355EC9259C35}
	EndGlobalSection
EndGlobal
